version = 1
revision = 3
requires-python = ">=3.11"
resolution-markers = [
    "python_full_version >= '3.13'",
    "python_full_version < '3.13'",
]

[[package]]
name = "googleapis-common-protos"
version = "1.70.0"
source = { registry = "https://pypi.org/simple" }
dependencies = [
    { name = "protobuf" },
]
sdist = { url = "https://files.pythonhosted.org/packages/39/24/33db22342cf4a2ea27c9955e6713140fedd51e8b141b5ce5260897020f1a/googleapis_common_protos-1.70.0.tar.gz", hash = "sha256:0e1b44e0ea153e6594f9f394fef15193a68aaaea2d843f83e2742717ca753257", size = 145903, upload-time = "2025-04-14T10:17:02.924Z" }
wheels = [
    { url = "https://files.pythonhosted.org/packages/86/f1/62a193f0227cf15a920390abe675f386dec35f7ae3ffe6da582d3ade42c7/googleapis_common_protos-1.70.0-py3-none-any.whl", hash = "sha256:b8bfcca8c25a2bb253e0e0b0adaf8c00773e5e6af6fd92397576680b807e0fd8", size = 294530, upload-time = "2025-04-14T10:17:01.271Z" },
]

[[package]]
name = "grpcio"
version = "1.75.0"
source = { registry = "https://pypi.org/simple" }
dependencies = [
    { name = "typing-extensions" },
]
sdist = { url = "https://files.pythonhosted.org/packages/91/88/fe2844eefd3d2188bc0d7a2768c6375b46dfd96469ea52d8aeee8587d7e0/grpcio-1.75.0.tar.gz", hash = "sha256:b989e8b09489478c2d19fecc744a298930f40d8b27c3638afbfe84d22f36ce4e", size = 12722485, upload-time = "2025-09-16T09:20:21.731Z" }
wheels = [
    { url = "https://files.pythonhosted.org/packages/95/b7/a6f42596fc367656970f5811e5d2d9912ca937aa90621d5468a11680ef47/grpcio-1.75.0-cp311-cp311-linux_armv7l.whl", hash = "sha256:7f89d6d0cd43170a80ebb4605cad54c7d462d21dc054f47688912e8bf08164af", size = 5699769, upload-time = "2025-09-16T09:18:32.536Z" },
    { url = "https://files.pythonhosted.org/packages/c2/42/284c463a311cd2c5f804fd4fdbd418805460bd5d702359148dd062c1685d/grpcio-1.75.0-cp311-cp311-macosx_11_0_universal2.whl", hash = "sha256:cb6c5b075c2d092f81138646a755f0dad94e4622300ebef089f94e6308155d82", size = 11480362, upload-time = "2025-09-16T09:18:35.562Z" },
    { url = "https://files.pythonhosted.org/packages/0b/10/60d54d5a03062c3ae91bddb6e3acefe71264307a419885f453526d9203ff/grpcio-1.75.0-cp311-cp311-manylinux2014_aarch64.manylinux_2_17_aarch64.whl", hash = "sha256:494dcbade5606128cb9f530ce00331a90ecf5e7c5b243d373aebdb18e503c346", size = 6284753, upload-time = "2025-09-16T09:18:38.055Z" },
    { url = "https://files.pythonhosted.org/packages/cf/af/381a4bfb04de5e2527819452583e694df075c7a931e9bf1b2a603b593ab2/grpcio-1.75.0-cp311-cp311-manylinux2014_i686.manylinux_2_17_i686.whl", hash = "sha256:050760fd29c8508844a720f06c5827bb00de8f5e02f58587eb21a4444ad706e5", size = 6944103, upload-time = "2025-09-16T09:18:40.844Z" },
    { url = "https://files.pythonhosted.org/packages/16/18/c80dd7e1828bd6700ce242c1616871927eef933ed0c2cee5c636a880e47b/grpcio-1.75.0-cp311-cp311-manylinux2014_x86_64.manylinux_2_17_x86_64.whl", hash = "sha256:266fa6209b68a537b2728bb2552f970e7e78c77fe43c6e9cbbe1f476e9e5c35f", size = 6464036, upload-time = "2025-09-16T09:18:43.351Z" },
    { url = "https://files.pythonhosted.org/packages/79/3f/78520c7ed9ccea16d402530bc87958bbeb48c42a2ec8032738a7864d38f8/grpcio-1.75.0-cp311-cp311-musllinux_1_2_aarch64.whl", hash = "sha256:06d22e1d8645e37bc110f4c589cb22c283fd3de76523065f821d6e81de33f5d4", size = 7097455, upload-time = "2025-09-16T09:18:45.465Z" },
    { url = "https://files.pythonhosted.org/packages/ad/69/3cebe4901a865eb07aefc3ee03a02a632e152e9198dadf482a7faf926f31/grpcio-1.75.0-cp311-cp311-musllinux_1_2_i686.whl", hash = "sha256:9880c323595d851292785966cadb6c708100b34b163cab114e3933f5773cba2d", size = 8037203, upload-time = "2025-09-16T09:18:47.878Z" },
    { url = "https://files.pythonhosted.org/packages/04/ed/1e483d1eba5032642c10caf28acf07ca8de0508244648947764956db346a/grpcio-1.75.0-cp311-cp311-musllinux_1_2_x86_64.whl", hash = "sha256:55a2d5ae79cd0f68783fb6ec95509be23746e3c239290b2ee69c69a38daa961a", size = 7492085, upload-time = "2025-09-16T09:18:50.907Z" },
    { url = "https://files.pythonhosted.org/packages/ee/65/6ef676aa7dbd9578dfca990bb44d41a49a1e36344ca7d79de6b59733ba96/grpcio-1.75.0-cp311-cp311-win32.whl", hash = "sha256:352dbdf25495eef584c8de809db280582093bc3961d95a9d78f0dfb7274023a2", size = 3944697, upload-time = "2025-09-16T09:18:53.427Z" },
    { url = "https://files.pythonhosted.org/packages/0d/83/b753373098b81ec5cb01f71c21dfd7aafb5eb48a1566d503e9fd3c1254fe/grpcio-1.75.0-cp311-cp311-win_amd64.whl", hash = "sha256:678b649171f229fb16bda1a2473e820330aa3002500c4f9fd3a74b786578e90f", size = 4642235, upload-time = "2025-09-16T09:18:56.095Z" },
    { url = "https://files.pythonhosted.org/packages/0d/93/a1b29c2452d15cecc4a39700fbf54721a3341f2ddbd1bd883f8ec0004e6e/grpcio-1.75.0-cp312-cp312-linux_armv7l.whl", hash = "sha256:fa35ccd9501ffdd82b861809cbfc4b5b13f4b4c5dc3434d2d9170b9ed38a9054", size = 5661861, upload-time = "2025-09-16T09:18:58.748Z" },
    { url = "https://files.pythonhosted.org/packages/b8/ce/7280df197e602d14594e61d1e60e89dfa734bb59a884ba86cdd39686aadb/grpcio-1.75.0-cp312-cp312-macosx_11_0_universal2.whl", hash = "sha256:0fcb77f2d718c1e58cc04ef6d3b51e0fa3b26cf926446e86c7eba105727b6cd4", size = 11459982, upload-time = "2025-09-16T09:19:01.211Z" },
    { url = "https://files.pythonhosted.org/packages/7c/9b/37e61349771f89b543a0a0bbc960741115ea8656a2414bfb24c4de6f3dd7/grpcio-1.75.0-cp312-cp312-manylinux2014_aarch64.manylinux_2_17_aarch64.whl", hash = "sha256:36764a4ad9dc1eb891042fab51e8cdf7cc014ad82cee807c10796fb708455041", size = 6239680, upload-time = "2025-09-16T09:19:04.443Z" },
    { url = "https://files.pythonhosted.org/packages/a6/66/f645d9d5b22ca307f76e71abc83ab0e574b5dfef3ebde4ec8b865dd7e93e/grpcio-1.75.0-cp312-cp312-manylinux2014_i686.manylinux_2_17_i686.whl", hash = "sha256:725e67c010f63ef17fc052b261004942763c0b18dcd84841e6578ddacf1f9d10", size = 6908511, upload-time = "2025-09-16T09:19:07.884Z" },
    { url = "https://files.pythonhosted.org/packages/e6/9a/34b11cd62d03c01b99068e257595804c695c3c119596c7077f4923295e19/grpcio-1.75.0-cp312-cp312-manylinux2014_x86_64.manylinux_2_17_x86_64.whl", hash = "sha256:91fbfc43f605c5ee015c9056d580a70dd35df78a7bad97e05426795ceacdb59f", size = 6429105, upload-time = "2025-09-16T09:19:10.085Z" },
    { url = "https://files.pythonhosted.org/packages/1a/46/76eaceaad1f42c1e7e6a5b49a61aac40fc5c9bee4b14a1630f056ac3a57e/grpcio-1.75.0-cp312-cp312-musllinux_1_2_aarch64.whl", hash = "sha256:7a9337ac4ce61c388e02019d27fa837496c4b7837cbbcec71b05934337e51531", size = 7060578, upload-time = "2025-09-16T09:19:12.283Z" },
    { url = "https://files.pythonhosted.org/packages/3d/82/181a0e3f1397b6d43239e95becbeb448563f236c0db11ce990f073b08d01/grpcio-1.75.0-cp312-cp312-musllinux_1_2_i686.whl", hash = "sha256:ee16e232e3d0974750ab5f4da0ab92b59d6473872690b5e40dcec9a22927f22e", size = 8003283, upload-time = "2025-09-16T09:19:15.601Z" },
    { url = "https://files.pythonhosted.org/packages/de/09/a335bca211f37a3239be4b485e3c12bf3da68d18b1f723affdff2b9e9680/grpcio-1.75.0-cp312-cp312-musllinux_1_2_x86_64.whl", hash = "sha256:55dfb9122973cc69520b23d39867726722cafb32e541435707dc10249a1bdbc6", size = 7460319, upload-time = "2025-09-16T09:19:18.409Z" },
    { url = "https://files.pythonhosted.org/packages/aa/59/6330105cdd6bc4405e74c96838cd7e148c3653ae3996e540be6118220c79/grpcio-1.75.0-cp312-cp312-win32.whl", hash = "sha256:fb64dd62face3d687a7b56cd881e2ea39417af80f75e8b36f0f81dfd93071651", size = 3934011, upload-time = "2025-09-16T09:19:21.013Z" },
    { url = "https://files.pythonhosted.org/packages/ff/14/e1309a570b7ebdd1c8ca24c4df6b8d6690009fa8e0d997cb2c026ce850c9/grpcio-1.75.0-cp312-cp312-win_amd64.whl", hash = "sha256:6b365f37a9c9543a9e91c6b4103d68d38d5bcb9965b11d5092b3c157bd6a5ee7", size = 4637934, upload-time = "2025-09-16T09:19:23.19Z" },
    { url = "https://files.pythonhosted.org/packages/00/64/dbce0ffb6edaca2b292d90999dd32a3bd6bc24b5b77618ca28440525634d/grpcio-1.75.0-cp313-cp313-linux_armv7l.whl", hash = "sha256:1bb78d052948d8272c820bb928753f16a614bb2c42fbf56ad56636991b427518", size = 5666860, upload-time = "2025-09-16T09:19:25.417Z" },
    { url = "https://files.pythonhosted.org/packages/f3/e6/da02c8fa882ad3a7f868d380bb3da2c24d35dd983dd12afdc6975907a352/grpcio-1.75.0-cp313-cp313-macosx_11_0_universal2.whl", hash = "sha256:9dc4a02796394dd04de0b9673cb79a78901b90bb16bf99ed8cb528c61ed9372e", size = 11455148, upload-time = "2025-09-16T09:19:28.615Z" },
    { url = "https://files.pythonhosted.org/packages/ba/a0/84f87f6c2cf2a533cfce43b2b620eb53a51428ec0c8fe63e5dd21d167a70/grpcio-1.75.0-cp313-cp313-manylinux2014_aarch64.manylinux_2_17_aarch64.whl", hash = "sha256:437eeb16091d31498585d73b133b825dc80a8db43311e332c08facf820d36894", size = 6243865, upload-time = "2025-09-16T09:19:31.342Z" },
    { url = "https://files.pythonhosted.org/packages/be/12/53da07aa701a4839dd70d16e61ce21ecfcc9e929058acb2f56e9b2dd8165/grpcio-1.75.0-cp313-cp313-manylinux2014_i686.manylinux_2_17_i686.whl", hash = "sha256:c2c39984e846bd5da45c5f7bcea8fafbe47c98e1ff2b6f40e57921b0c23a52d0", size = 6915102, upload-time = "2025-09-16T09:19:33.658Z" },
    { url = "https://files.pythonhosted.org/packages/5b/c0/7eaceafd31f52ec4bf128bbcf36993b4bc71f64480f3687992ddd1a6e315/grpcio-1.75.0-cp313-cp313-manylinux2014_x86_64.manylinux_2_17_x86_64.whl", hash = "sha256:38d665f44b980acdbb2f0e1abf67605ba1899f4d2443908df9ec8a6f26d2ed88", size = 6432042, upload-time = "2025-09-16T09:19:36.583Z" },
    { url = "https://files.pythonhosted.org/packages/6b/12/a2ce89a9f4fc52a16ed92951f1b05f53c17c4028b3db6a4db7f08332bee8/grpcio-1.75.0-cp313-cp313-musllinux_1_2_aarch64.whl", hash = "sha256:2e8e752ab5cc0a9c5b949808c000ca7586223be4f877b729f034b912364c3964", size = 7062984, upload-time = "2025-09-16T09:19:39.163Z" },
    { url = "https://files.pythonhosted.org/packages/55/a6/2642a9b491e24482d5685c0f45c658c495a5499b43394846677abed2c966/grpcio-1.75.0-cp313-cp313-musllinux_1_2_i686.whl", hash = "sha256:3a6788b30aa8e6f207c417874effe3f79c2aa154e91e78e477c4825e8b431ce0", size = 8001212, upload-time = "2025-09-16T09:19:41.726Z" },
    { url = "https://files.pythonhosted.org/packages/19/20/530d4428750e9ed6ad4254f652b869a20a40a276c1f6817b8c12d561f5ef/grpcio-1.75.0-cp313-cp313-musllinux_1_2_x86_64.whl", hash = "sha256:ffc33e67cab6141c54e75d85acd5dec616c5095a957ff997b4330a6395aa9b51", size = 7457207, upload-time = "2025-09-16T09:19:44.368Z" },
    { url = "https://files.pythonhosted.org/packages/e2/6f/843670007e0790af332a21468d10059ea9fdf97557485ae633b88bd70efc/grpcio-1.75.0-cp313-cp313-win32.whl", hash = "sha256:c8cfc780b7a15e06253aae5f228e1e84c0d3c4daa90faf5bc26b751174da4bf9", size = 3934235, upload-time = "2025-09-16T09:19:46.815Z" },
    { url = "https://files.pythonhosted.org/packages/4b/92/c846b01b38fdf9e2646a682b12e30a70dc7c87dfe68bd5e009ee1501c14b/grpcio-1.75.0-cp313-cp313-win_amd64.whl", hash = "sha256:0c91d5b16eff3cbbe76b7a1eaaf3d91e7a954501e9d4f915554f87c470475c3d", size = 4637558, upload-time = "2025-09-16T09:19:49.698Z" },
]

[[package]]
name = "importlib-metadata"
version = "8.7.0"
source = { registry = "https://pypi.org/simple" }
dependencies = [
    { name = "zipp" },
]
sdist = { url = "https://files.pythonhosted.org/packages/76/66/650a33bd90f786193e4de4b3ad86ea60b53c89b669a5c7be931fac31cdb0/importlib_metadata-8.7.0.tar.gz", hash = "sha256:d13b81ad223b890aa16c5471f2ac3056cf76c5f10f82d6f9292f0b415f389000", size = 56641, upload-time = "2025-04-27T15:29:01.736Z" }
wheels = [
    { url = "https://files.pythonhosted.org/packages/20/b0/36bd937216ec521246249be3bf9855081de4c5e06a0c9b4219dbeda50373/importlib_metadata-8.7.0-py3-none-any.whl", hash = "sha256:e5dd1551894c77868a30651cef00984d50e1002d06942a7101d34870c5f02afd", size = 27656, upload-time = "2025-04-27T15:29:00.214Z" },
]

[[package]]
name = "opentelemetry-api"
version = "1.37.0"
source = { registry = "https://pypi.org/simple" }
dependencies = [
    { name = "importlib-metadata" },
    { name = "typing-extensions" },
]
sdist = { url = "https://files.pythonhosted.org/packages/63/04/05040d7ce33a907a2a02257e601992f0cdf11c73b33f13c4492bf6c3d6d5/opentelemetry_api-1.37.0.tar.gz", hash = "sha256:540735b120355bd5112738ea53621f8d5edb35ebcd6fe21ada3ab1c61d1cd9a7", size = 64923, upload-time = "2025-09-11T10:29:01.662Z" }
wheels = [
    { url = "https://files.pythonhosted.org/packages/91/48/28ed9e55dcf2f453128df738210a980e09f4e468a456fa3c763dbc8be70a/opentelemetry_api-1.37.0-py3-none-any.whl", hash = "sha256:accf2024d3e89faec14302213bc39550ec0f4095d1cf5ca688e1bfb1c8612f47", size = 65732, upload-time = "2025-09-11T10:28:41.826Z" },
]

[[package]]
name = "opentelemetry-exporter-otlp-proto-common"
version = "1.37.0"
source = { registry = "https://pypi.org/simple" }
dependencies = [
    { name = "opentelemetry-proto" },
]
sdist = { url = "https://files.pythonhosted.org/packages/dc/6c/10018cbcc1e6fff23aac67d7fd977c3d692dbe5f9ef9bb4db5c1268726cc/opentelemetry_exporter_otlp_proto_common-1.37.0.tar.gz", hash = "sha256:c87a1bdd9f41fdc408d9cc9367bb53f8d2602829659f2b90be9f9d79d0bfe62c", size = 20430, upload-time = "2025-09-11T10:29:03.605Z" }
wheels = [
    { url = "https://files.pythonhosted.org/packages/08/13/b4ef09837409a777f3c0af2a5b4ba9b7af34872bc43609dda0c209e4060d/opentelemetry_exporter_otlp_proto_common-1.37.0-py3-none-any.whl", hash = "sha256:53038428449c559b0c564b8d718df3314da387109c4d36bd1b94c9a641b0292e", size = 18359, upload-time = "2025-09-11T10:28:44.939Z" },
]

[[package]]
name = "opentelemetry-exporter-otlp-proto-grpc"
version = "1.37.0"
source = { registry = "https://pypi.org/simple" }
dependencies = [
    { name = "googleapis-common-protos" },
    { name = "grpcio" },
    { name = "opentelemetry-api" },
    { name = "opentelemetry-exporter-otlp-proto-common" },
    { name = "opentelemetry-proto" },
    { name = "opentelemetry-sdk" },
    { name = "typing-extensions" },
]
sdist = { url = "https://files.pythonhosted.org/packages/d1/11/4ad0979d0bb13ae5a845214e97c8d42da43980034c30d6f72d8e0ebe580e/opentelemetry_exporter_otlp_proto_grpc-1.37.0.tar.gz", hash = "sha256:f55bcb9fc848ce05ad3dd954058bc7b126624d22c4d9e958da24d8537763bec5", size = 24465, upload-time = "2025-09-11T10:29:04.172Z" }
wheels = [
    { url = "https://files.pythonhosted.org/packages/39/17/46630b74751031a658706bef23ac99cdc2953cd3b2d28ec90590a0766b3e/opentelemetry_exporter_otlp_proto_grpc-1.37.0-py3-none-any.whl", hash = "sha256:aee5104835bf7993b7ddaaf380b6467472abaedb1f1dbfcc54a52a7d781a3890", size = 19305, upload-time = "2025-09-11T10:28:45.776Z" },
]

[[package]]
name = "opentelemetry-instrumentation"
version = "0.58b0"
source = { registry = "https://pypi.org/simple" }
dependencies = [
    { name = "opentelemetry-api" },
    { name = "opentelemetry-semantic-conventions" },
    { name = "packaging" },
    { name = "wrapt" },
]
sdist = { url = "https://files.pythonhosted.org/packages/f6/36/7c307d9be8ce4ee7beb86d7f1d31027f2a6a89228240405a858d6e4d64f9/opentelemetry_instrumentation-0.58b0.tar.gz", hash = "sha256:df640f3ac715a3e05af145c18f527f4422c6ab6c467e40bd24d2ad75a00cb705", size = 31549, upload-time = "2025-09-11T11:42:14.084Z" }
wheels = [
    { url = "https://files.pythonhosted.org/packages/d4/db/5ff1cd6c5ca1d12ecf1b73be16fbb2a8af2114ee46d4b0e6d4b23f4f4db7/opentelemetry_instrumentation-0.58b0-py3-none-any.whl", hash = "sha256:50f97ac03100676c9f7fc28197f8240c7290ca1baa12da8bfbb9a1de4f34cc45", size = 33019, upload-time = "2025-09-11T11:41:00.624Z" },
]

[[package]]
name = "opentelemetry-instrumentation-logging"
version = "0.58b0"
source = { registry = "https://pypi.org/simple" }
dependencies = [
    { name = "opentelemetry-api" },
    { name = "opentelemetry-instrumentation" },
]
sdist = { url = "https://files.pythonhosted.org/packages/e2/65/db3ce7a7eda7ae70338339baeb80894e283d24a0036a0021745e54a5b874/opentelemetry_instrumentation_logging-0.58b0.tar.gz", hash = "sha256:1475e531cf0e1c03e1c42995fcf312767edaadfe335d04d1d3b27c9a8c8c7049", size = 9969, upload-time = "2025-09-11T11:42:40.384Z" }
wheels = [
    { url = "https://files.pythonhosted.org/packages/a7/d7/40f03745f540630b9e5712dfe5971b9a3f0032df89c5f7bdd167db7ebafc/opentelemetry_instrumentation_logging-0.58b0-py3-none-any.whl", hash = "sha256:9bc59602be50e21c4946de9026de3c00556b5f5845c25c834518a0b63ba897b9", size = 12577, upload-time = "2025-09-11T11:41:36.395Z" },
]

[[package]]
name = "opentelemetry-proto"
version = "1.37.0"
source = { registry = "https://pypi.org/simple" }
dependencies = [
    { name = "protobuf" },
]
sdist = { url = "https://files.pythonhosted.org/packages/dd/ea/a75f36b463a36f3c5a10c0b5292c58b31dbdde74f6f905d3d0ab2313987b/opentelemetry_proto-1.37.0.tar.gz", hash = "sha256:30f5c494faf66f77faeaefa35ed4443c5edb3b0aa46dad073ed7210e1a789538", size = 46151, upload-time = "2025-09-11T10:29:11.04Z" }
wheels = [
    { url = "https://files.pythonhosted.org/packages/c4/25/f89ea66c59bd7687e218361826c969443c4fa15dfe89733f3bf1e2a9e971/opentelemetry_proto-1.37.0-py3-none-any.whl", hash = "sha256:8ed8c066ae8828bbf0c39229979bdf583a126981142378a9cbe9d6fd5701c6e2", size = 72534, upload-time = "2025-09-11T10:28:56.831Z" },
]

[[package]]
name = "opentelemetry-sdk"
version = "1.37.0"
source = { registry = "https://pypi.org/simple" }
dependencies = [
    { name = "opentelemetry-api" },
    { name = "opentelemetry-semantic-conventions" },
    { name = "typing-extensions" },
]
sdist = { url = "https://files.pythonhosted.org/packages/f4/62/2e0ca80d7fe94f0b193135375da92c640d15fe81f636658d2acf373086bc/opentelemetry_sdk-1.37.0.tar.gz", hash = "sha256:cc8e089c10953ded765b5ab5669b198bbe0af1b3f89f1007d19acd32dc46dda5", size = 170404, upload-time = "2025-09-11T10:29:11.779Z" }
wheels = [
    { url = "https://files.pythonhosted.org/packages/9f/62/9f4ad6a54126fb00f7ed4bb5034964c6e4f00fcd5a905e115bd22707e20d/opentelemetry_sdk-1.37.0-py3-none-any.whl", hash = "sha256:8f3c3c22063e52475c5dbced7209495c2c16723d016d39287dfc215d1771257c", size = 131941, upload-time = "2025-09-11T10:28:57.83Z" },
]

[[package]]
name = "opentelemetry-semantic-conventions"
version = "0.58b0"
source = { registry = "https://pypi.org/simple" }
dependencies = [
    { name = "opentelemetry-api" },
    { name = "typing-extensions" },
]
sdist = { url = "https://files.pythonhosted.org/packages/aa/1b/90701d91e6300d9f2fb352153fb1721ed99ed1f6ea14fa992c756016e63a/opentelemetry_semantic_conventions-0.58b0.tar.gz", hash = "sha256:6bd46f51264279c433755767bb44ad00f1c9e2367e1b42af563372c5a6fa0c25", size = 129867, upload-time = "2025-09-11T10:29:12.597Z" }
wheels = [
    { url = "https://files.pythonhosted.org/packages/07/90/68152b7465f50285d3ce2481b3aec2f82822e3f52e5152eeeaf516bab841/opentelemetry_semantic_conventions-0.58b0-py3-none-any.whl", hash = "sha256:5564905ab1458b96684db1340232729fce3b5375a06e140e8904c78e4f815b28", size = 207954, upload-time = "2025-09-11T10:28:59.218Z" },
]

[[package]]
name = "packaging"
version = "25.0"
source = { registry = "https://pypi.org/simple" }
sdist = { url = "https://files.pythonhosted.org/packages/a1/d4/1fc4078c65507b51b96ca8f8c3ba19e6a61c8253c72794544580a7b6c24d/packaging-25.0.tar.gz", hash = "sha256:d443872c98d677bf60f6a1f2f8c1cb748e8fe762d2bf9d3148b5599295b0fc4f", size = 165727, upload-time = "2025-04-19T11:48:59.673Z" }
wheels = [
    { url = "https://files.pythonhosted.org/packages/20/12/38679034af332785aac8774540895e234f4d07f7545804097de4b666afd8/packaging-25.0-py3-none-any.whl", hash = "sha256:29572ef2b1f17581046b3a2227d5c611fb25ec70ca1ba8554b24b0e69331a484", size = 66469, upload-time = "2025-04-19T11:48:57.875Z" },
]

[[package]]
name = "protobuf"
version = "6.32.1"
source = { registry = "https://pypi.org/simple" }
sdist = { url = "https://files.pythonhosted.org/packages/fa/a4/cc17347aa2897568beece2e674674359f911d6fe21b0b8d6268cd42727ac/protobuf-6.32.1.tar.gz", hash = "sha256:ee2469e4a021474ab9baafea6cd070e5bf27c7d29433504ddea1a4ee5850f68d", size = 440635, upload-time = "2025-09-11T21:38:42.935Z" }
wheels = [
    { url = "https://files.pythonhosted.org/packages/c0/98/645183ea03ab3995d29086b8bf4f7562ebd3d10c9a4b14ee3f20d47cfe50/protobuf-6.32.1-cp310-abi3-win32.whl", hash = "sha256:a8a32a84bc9f2aad712041b8b366190f71dde248926da517bde9e832e4412085", size = 424411, upload-time = "2025-09-11T21:38:27.427Z" },
    { url = "https://files.pythonhosted.org/packages/8c/f3/6f58f841f6ebafe076cebeae33fc336e900619d34b1c93e4b5c97a81fdfa/protobuf-6.32.1-cp310-abi3-win_amd64.whl", hash = "sha256:b00a7d8c25fa471f16bc8153d0e53d6c9e827f0953f3c09aaa4331c718cae5e1", size = 435738, upload-time = "2025-09-11T21:38:30.959Z" },
    { url = "https://files.pythonhosted.org/packages/10/56/a8a3f4e7190837139e68c7002ec749190a163af3e330f65d90309145a210/protobuf-6.32.1-cp39-abi3-macosx_10_9_universal2.whl", hash = "sha256:d8c7e6eb619ffdf105ee4ab76af5a68b60a9d0f66da3ea12d1640e6d8dab7281", size = 426454, upload-time = "2025-09-11T21:38:34.076Z" },
    { url = "https://files.pythonhosted.org/packages/3f/be/8dd0a927c559b37d7a6c8ab79034fd167dcc1f851595f2e641ad62be8643/protobuf-6.32.1-cp39-abi3-manylinux2014_aarch64.whl", hash = "sha256:2f5b80a49e1eb7b86d85fcd23fe92df154b9730a725c3b38c4e43b9d77018bf4", size = 322874, upload-time = "2025-09-11T21:38:35.509Z" },
    { url = "https://files.pythonhosted.org/packages/5c/f6/88d77011b605ef979aace37b7703e4eefad066f7e84d935e5a696515c2dd/protobuf-6.32.1-cp39-abi3-manylinux2014_x86_64.whl", hash = "sha256:b1864818300c297265c83a4982fd3169f97122c299f56a56e2445c3698d34710", size = 322013, upload-time = "2025-09-11T21:38:37.017Z" },
    { url = "https://files.pythonhosted.org/packages/97/b7/15cc7d93443d6c6a84626ae3258a91f4c6ac8c0edd5df35ea7658f71b79c/protobuf-6.32.1-py3-none-any.whl", hash = "sha256:2601b779fc7d32a866c6b4404f9d42a3f67c5b9f3f15b4db3cccabe06b95c346", size = 169289, upload-time = "2025-09-11T21:38:41.234Z" },
]

[[package]]
name = "python"
version = "0.1.0"
source = { virtual = "." }
dependencies = [
    { name = "opentelemetry-api" },
    { name = "opentelemetry-exporter-otlp-proto-grpc" },
    { name = "opentelemetry-instrumentation-logging" },
    { name = "opentelemetry-sdk" },
]

[package.metadata]
requires-dist = [
    { name = "opentelemetry-api", specifier = ">=1.37.0" },
    { name = "opentelemetry-exporter-otlp-proto-grpc", specifier = ">=1.37.0" },
    { name = "opentelemetry-instrumentation-logging", specifier = ">=0.41b0" },
    { name = "opentelemetry-sdk", specifier = ">=1.37.0" },
]

[[package]]
name = "typing-extensions"
version = "4.15.0"
source = { registry = "https://pypi.org/simple" }
sdist = { url = "https://files.pythonhosted.org/packages/72/94/1a15dd82efb362ac84269196e94cf00f187f7ed21c242792a923cdb1c61f/typing_extensions-4.15.0.tar.gz", hash = "sha256:0cea48d173cc12fa28ecabc3b837ea3cf6f38c6d1136f85cbaaf598984861466", size = 109391, upload-time = "2025-08-25T13:49:26.313Z" }
wheels = [
    { url = "https://files.pythonhosted.org/packages/18/67/36e9267722cc04a6b9f15c7f3441c2363321a3ea07da7ae0c0707beb2a9c/typing_extensions-4.15.0-py3-none-any.whl", hash = "sha256:f0fa19c6845758ab08074a0cfa8b7aecb71c999ca73d62883bc25cc018c4e548", size = 44614, upload-time = "2025-08-25T13:49:24.86Z" },
]

[[package]]
name = "wrapt"
version = "1.17.3"
source = { registry = "https://pypi.org/simple" }
sdist = { url = "https://files.pythonhosted.org/packages/95/8f/aeb76c5b46e273670962298c23e7ddde79916cb74db802131d49a85e4b7d/wrapt-1.17.3.tar.gz", hash = "sha256:f66eb08feaa410fe4eebd17f2a2c8e2e46d3476e9f8c783daa8e09e0faa666d0", size = 55547, upload-time = "2025-08-12T05:53:21.714Z" }
wheels = [
    { url = "https://files.pythonhosted.org/packages/52/db/00e2a219213856074a213503fdac0511203dceefff26e1daa15250cc01a0/wrapt-1.17.3-cp311-cp311-macosx_10_9_universal2.whl", hash = "sha256:273a736c4645e63ac582c60a56b0acb529ef07f78e08dc6bfadf6a46b19c0da7", size = 53482, upload-time = "2025-08-12T05:51:45.79Z" },
    { url = "https://files.pythonhosted.org/packages/5e/30/ca3c4a5eba478408572096fe9ce36e6e915994dd26a4e9e98b4f729c06d9/wrapt-1.17.3-cp311-cp311-macosx_10_9_x86_64.whl", hash = "sha256:5531d911795e3f935a9c23eb1c8c03c211661a5060aab167065896bbf62a5f85", size = 38674, upload-time = "2025-08-12T05:51:34.629Z" },
    { url = "https://files.pythonhosted.org/packages/31/25/3e8cc2c46b5329c5957cec959cb76a10718e1a513309c31399a4dad07eb3/wrapt-1.17.3-cp311-cp311-macosx_11_0_arm64.whl", hash = "sha256:0610b46293c59a3adbae3dee552b648b984176f8562ee0dba099a56cfbe4df1f", size = 38959, upload-time = "2025-08-12T05:51:56.074Z" },
    { url = "https://files.pythonhosted.org/packages/5d/8f/a32a99fc03e4b37e31b57cb9cefc65050ea08147a8ce12f288616b05ef54/wrapt-1.17.3-cp311-cp311-manylinux1_x86_64.manylinux_2_28_x86_64.manylinux_2_5_x86_64.whl", hash = "sha256:b32888aad8b6e68f83a8fdccbf3165f5469702a7544472bdf41f582970ed3311", size = 82376, upload-time = "2025-08-12T05:52:32.134Z" },
    { url = "https://files.pythonhosted.org/packages/31/57/4930cb8d9d70d59c27ee1332a318c20291749b4fba31f113c2f8ac49a72e/wrapt-1.17.3-cp311-cp311-manylinux2014_aarch64.manylinux_2_17_aarch64.manylinux_2_28_aarch64.whl", hash = "sha256:8cccf4f81371f257440c88faed6b74f1053eef90807b77e31ca057b2db74edb1", size = 83604, upload-time = "2025-08-12T05:52:11.663Z" },
    { url = "https://files.pythonhosted.org/packages/a8/f3/1afd48de81d63dd66e01b263a6fbb86e1b5053b419b9b33d13e1f6d0f7d0/wrapt-1.17.3-cp311-cp311-musllinux_1_2_aarch64.whl", hash = "sha256:d8a210b158a34164de8bb68b0e7780041a903d7b00c87e906fb69928bf7890d5", size = 82782, upload-time = "2025-08-12T05:52:12.626Z" },
    { url = "https://files.pythonhosted.org/packages/1e/d7/4ad5327612173b144998232f98a85bb24b60c352afb73bc48e3e0d2bdc4e/wrapt-1.17.3-cp311-cp311-musllinux_1_2_x86_64.whl", hash = "sha256:79573c24a46ce11aab457b472efd8d125e5a51da2d1d24387666cd85f54c05b2", size = 82076, upload-time = "2025-08-12T05:52:33.168Z" },
    { url = "https://files.pythonhosted.org/packages/bb/59/e0adfc831674a65694f18ea6dc821f9fcb9ec82c2ce7e3d73a88ba2e8718/wrapt-1.17.3-cp311-cp311-win32.whl", hash = "sha256:c31eebe420a9a5d2887b13000b043ff6ca27c452a9a22fa71f35f118e8d4bf89", size = 36457, upload-time = "2025-08-12T05:53:03.936Z" },
    { url = "https://files.pythonhosted.org/packages/83/88/16b7231ba49861b6f75fc309b11012ede4d6b0a9c90969d9e0db8d991aeb/wrapt-1.17.3-cp311-cp311-win_amd64.whl", hash = "sha256:0b1831115c97f0663cb77aa27d381237e73ad4f721391a9bfb2fe8bc25fa6e77", size = 38745, upload-time = "2025-08-12T05:53:02.885Z" },
    { url = "https://files.pythonhosted.org/packages/9a/1e/c4d4f3398ec073012c51d1c8d87f715f56765444e1a4b11e5180577b7e6e/wrapt-1.17.3-cp311-cp311-win_arm64.whl", hash = "sha256:5a7b3c1ee8265eb4c8f1b7d29943f195c00673f5ab60c192eba2d4a7eae5f46a", size = 36806, upload-time = "2025-08-12T05:52:53.368Z" },
    { url = "https://files.pythonhosted.org/packages/9f/41/cad1aba93e752f1f9268c77270da3c469883d56e2798e7df6240dcb2287b/wrapt-1.17.3-cp312-cp312-macosx_10_13_universal2.whl", hash = "sha256:ab232e7fdb44cdfbf55fc3afa31bcdb0d8980b9b95c38b6405df2acb672af0e0", size = 53998, upload-time = "2025-08-12T05:51:47.138Z" },
    { url = "https://files.pythonhosted.org/packages/60/f8/096a7cc13097a1869fe44efe68dace40d2a16ecb853141394047f0780b96/wrapt-1.17.3-cp312-cp312-macosx_10_13_x86_64.whl", hash = "sha256:9baa544e6acc91130e926e8c802a17f3b16fbea0fd441b5a60f5cf2cc5c3deba", size = 39020, upload-time = "2025-08-12T05:51:35.906Z" },
    { url = "https://files.pythonhosted.org/packages/33/df/bdf864b8997aab4febb96a9ae5c124f700a5abd9b5e13d2a3214ec4be705/wrapt-1.17.3-cp312-cp312-macosx_11_0_arm64.whl", hash = "sha256:6b538e31eca1a7ea4605e44f81a48aa24c4632a277431a6ed3f328835901f4fd", size = 39098, upload-time = "2025-08-12T05:51:57.474Z" },
    { url = "https://files.pythonhosted.org/packages/9f/81/5d931d78d0eb732b95dc3ddaeeb71c8bb572fb01356e9133916cd729ecdd/wrapt-1.17.3-cp312-cp312-manylinux1_x86_64.manylinux_2_28_x86_64.manylinux_2_5_x86_64.whl", hash = "sha256:042ec3bb8f319c147b1301f2393bc19dba6e176b7da446853406d041c36c7828", size = 88036, upload-time = "2025-08-12T05:52:34.784Z" },
    { url = "https://files.pythonhosted.org/packages/ca/38/2e1785df03b3d72d34fc6252d91d9d12dc27a5c89caef3335a1bbb8908ca/wrapt-1.17.3-cp312-cp312-manylinux2014_aarch64.manylinux_2_17_aarch64.manylinux_2_28_aarch64.whl", hash = "sha256:3af60380ba0b7b5aeb329bc4e402acd25bd877e98b3727b0135cb5c2efdaefe9", size = 88156, upload-time = "2025-08-12T05:52:13.599Z" },
    { url = "https://files.pythonhosted.org/packages/b3/8b/48cdb60fe0603e34e05cffda0b2a4adab81fd43718e11111a4b0100fd7c1/wrapt-1.17.3-cp312-cp312-musllinux_1_2_aarch64.whl", hash = "sha256:0b02e424deef65c9f7326d8c19220a2c9040c51dc165cddb732f16198c168396", size = 87102, upload-time = "2025-08-12T05:52:14.56Z" },
    { url = "https://files.pythonhosted.org/packages/3c/51/d81abca783b58f40a154f1b2c56db1d2d9e0d04fa2d4224e357529f57a57/wrapt-1.17.3-cp312-cp312-musllinux_1_2_x86_64.whl", hash = "sha256:74afa28374a3c3a11b3b5e5fca0ae03bef8450d6aa3ab3a1e2c30e3a75d023dc", size = 87732, upload-time = "2025-08-12T05:52:36.165Z" },
    { url = "https://files.pythonhosted.org/packages/9e/b1/43b286ca1392a006d5336412d41663eeef1ad57485f3e52c767376ba7e5a/wrapt-1.17.3-cp312-cp312-win32.whl", hash = "sha256:4da9f45279fff3543c371d5ababc57a0384f70be244de7759c85a7f989cb4ebe", size = 36705, upload-time = "2025-08-12T05:53:07.123Z" },
    { url = "https://files.pythonhosted.org/packages/28/de/49493f962bd3c586ab4b88066e967aa2e0703d6ef2c43aa28cb83bf7b507/wrapt-1.17.3-cp312-cp312-win_amd64.whl", hash = "sha256:e71d5c6ebac14875668a1e90baf2ea0ef5b7ac7918355850c0908ae82bcb297c", size = 38877, upload-time = "2025-08-12T05:53:05.436Z" },
    { url = "https://files.pythonhosted.org/packages/f1/48/0f7102fe9cb1e8a5a77f80d4f0956d62d97034bbe88d33e94699f99d181d/wrapt-1.17.3-cp312-cp312-win_arm64.whl", hash = "sha256:604d076c55e2fdd4c1c03d06dc1a31b95130010517b5019db15365ec4a405fc6", size = 36885, upload-time = "2025-08-12T05:52:54.367Z" },
    { url = "https://files.pythonhosted.org/packages/fc/f6/759ece88472157acb55fc195e5b116e06730f1b651b5b314c66291729193/wrapt-1.17.3-cp313-cp313-macosx_10_13_universal2.whl", hash = "sha256:a47681378a0439215912ef542c45a783484d4dd82bac412b71e59cf9c0e1cea0", size = 54003, upload-time = "2025-08-12T05:51:48.627Z" },
    { url = "https://files.pythonhosted.org/packages/4f/a9/49940b9dc6d47027dc850c116d79b4155f15c08547d04db0f07121499347/wrapt-1.17.3-cp313-cp313-macosx_10_13_x86_64.whl", hash = "sha256:54a30837587c6ee3cd1a4d1c2ec5d24e77984d44e2f34547e2323ddb4e22eb77", size = 39025, upload-time = "2025-08-12T05:51:37.156Z" },
    { url = "https://files.pythonhosted.org/packages/45/35/6a08de0f2c96dcdd7fe464d7420ddb9a7655a6561150e5fc4da9356aeaab/wrapt-1.17.3-cp313-cp313-macosx_11_0_arm64.whl", hash = "sha256:16ecf15d6af39246fe33e507105d67e4b81d8f8d2c6598ff7e3ca1b8a37213f7", size = 39108, upload-time = "2025-08-12T05:51:58.425Z" },
    { url = "https://files.pythonhosted.org/packages/0c/37/6faf15cfa41bf1f3dba80cd3f5ccc6622dfccb660ab26ed79f0178c7497f/wrapt-1.17.3-cp313-cp313-manylinux1_x86_64.manylinux_2_28_x86_64.manylinux_2_5_x86_64.whl", hash = "sha256:6fd1ad24dc235e4ab88cda009e19bf347aabb975e44fd5c2fb22a3f6e4141277", size = 88072, upload-time = "2025-08-12T05:52:37.53Z" },
    { url = "https://files.pythonhosted.org/packages/78/f2/efe19ada4a38e4e15b6dff39c3e3f3f73f5decf901f66e6f72fe79623a06/wrapt-1.17.3-cp313-cp313-manylinux2014_aarch64.manylinux_2_17_aarch64.manylinux_2_28_aarch64.whl", hash = "sha256:0ed61b7c2d49cee3c027372df5809a59d60cf1b6c2f81ee980a091f3afed6a2d", size = 88214, upload-time = "2025-08-12T05:52:15.886Z" },
    { url = "https://files.pythonhosted.org/packages/40/90/ca86701e9de1622b16e09689fc24b76f69b06bb0150990f6f4e8b0eeb576/wrapt-1.17.3-cp313-cp313-musllinux_1_2_aarch64.whl", hash = "sha256:423ed5420ad5f5529db9ce89eac09c8a2f97da18eb1c870237e84c5a5c2d60aa", size = 87105, upload-time = "2025-08-12T05:52:17.914Z" },
    { url = "https://files.pythonhosted.org/packages/fd/e0/d10bd257c9a3e15cbf5523025252cc14d77468e8ed644aafb2d6f54cb95d/wrapt-1.17.3-cp313-cp313-musllinux_1_2_x86_64.whl", hash = "sha256:e01375f275f010fcbf7f643b4279896d04e571889b8a5b3f848423d91bf07050", size = 87766, upload-time = "2025-08-12T05:52:39.243Z" },
    { url = "https://files.pythonhosted.org/packages/e8/cf/7d848740203c7b4b27eb55dbfede11aca974a51c3d894f6cc4b865f42f58/wrapt-1.17.3-cp313-cp313-win32.whl", hash = "sha256:53e5e39ff71b3fc484df8a522c933ea2b7cdd0d5d15ae82e5b23fde87d44cbd8", size = 36711, upload-time = "2025-08-12T05:53:10.074Z" },
    { url = "https://files.pythonhosted.org/packages/57/54/35a84d0a4d23ea675994104e667ceff49227ce473ba6a59ba2c84f250b74/wrapt-1.17.3-cp313-cp313-win_amd64.whl", hash = "sha256:1f0b2f40cf341ee8cc1a97d51ff50dddb9fcc73241b9143ec74b30fc4f44f6cb", size = 38885, upload-time = "2025-08-12T05:53:08.695Z" },
    { url = "https://files.pythonhosted.org/packages/01/77/66e54407c59d7b02a3c4e0af3783168fff8e5d61def52cda8728439d86bc/wrapt-1.17.3-cp313-cp313-win_arm64.whl", hash = "sha256:7425ac3c54430f5fc5e7b6f41d41e704db073309acfc09305816bc6a0b26bb16", size = 36896, upload-time = "2025-08-12T05:52:55.34Z" },
    { url = "https://files.pythonhosted.org/packages/02/a2/cd864b2a14f20d14f4c496fab97802001560f9f41554eef6df201cd7f76c/wrapt-1.17.3-cp314-cp314-macosx_10_13_universal2.whl", hash = "sha256:cf30f6e3c077c8e6a9a7809c94551203c8843e74ba0c960f4a98cd80d4665d39", size = 54132, upload-time = "2025-08-12T05:51:49.864Z" },
    { url = "https://files.pythonhosted.org/packages/d5/46/d011725b0c89e853dc44cceb738a307cde5d240d023d6d40a82d1b4e1182/wrapt-1.17.3-cp314-cp314-macosx_10_13_x86_64.whl", hash = "sha256:e228514a06843cae89621384cfe3a80418f3c04aadf8a3b14e46a7be704e4235", size = 39091, upload-time = "2025-08-12T05:51:38.935Z" },
    { url = "https://files.pythonhosted.org/packages/2e/9e/3ad852d77c35aae7ddebdbc3b6d35ec8013af7d7dddad0ad911f3d891dae/wrapt-1.17.3-cp314-cp314-macosx_11_0_arm64.whl", hash = "sha256:5ea5eb3c0c071862997d6f3e02af1d055f381b1d25b286b9d6644b79db77657c", size = 39172, upload-time = "2025-08-12T05:51:59.365Z" },
    { url = "https://files.pythonhosted.org/packages/c3/f7/c983d2762bcce2326c317c26a6a1e7016f7eb039c27cdf5c4e30f4160f31/wrapt-1.17.3-cp314-cp314-manylinux1_x86_64.manylinux_2_28_x86_64.manylinux_2_5_x86_64.whl", hash = "sha256:281262213373b6d5e4bb4353bc36d1ba4084e6d6b5d242863721ef2bf2c2930b", size = 87163, upload-time = "2025-08-12T05:52:40.965Z" },
    { url = "https://files.pythonhosted.org/packages/e4/0f/f673f75d489c7f22d17fe0193e84b41540d962f75fce579cf6873167c29b/wrapt-1.17.3-cp314-cp314-manylinux2014_aarch64.manylinux_2_17_aarch64.manylinux_2_28_aarch64.whl", hash = "sha256:dc4a8d2b25efb6681ecacad42fca8859f88092d8732b170de6a5dddd80a1c8fa", size = 87963, upload-time = "2025-08-12T05:52:20.326Z" },
    { url = "https://files.pythonhosted.org/packages/df/61/515ad6caca68995da2fac7a6af97faab8f78ebe3bf4f761e1b77efbc47b5/wrapt-1.17.3-cp314-cp314-musllinux_1_2_aarch64.whl", hash = "sha256:373342dd05b1d07d752cecbec0c41817231f29f3a89aa8b8843f7b95992ed0c7", size = 86945, upload-time = "2025-08-12T05:52:21.581Z" },
    { url = "https://files.pythonhosted.org/packages/d3/bd/4e70162ce398462a467bc09e768bee112f1412e563620adc353de9055d33/wrapt-1.17.3-cp314-cp314-musllinux_1_2_x86_64.whl", hash = "sha256:d40770d7c0fd5cbed9d84b2c3f2e156431a12c9a37dc6284060fb4bec0b7ffd4", size = 86857, upload-time = "2025-08-12T05:52:43.043Z" },
    { url = "https://files.pythonhosted.org/packages/2b/b8/da8560695e9284810b8d3df8a19396a6e40e7518059584a1a394a2b35e0a/wrapt-1.17.3-cp314-cp314-win32.whl", hash = "sha256:fbd3c8319de8e1dc79d346929cd71d523622da527cca14e0c1d257e31c2b8b10", size = 37178, upload-time = "2025-08-12T05:53:12.605Z" },
    { url = "https://files.pythonhosted.org/packages/db/c8/b71eeb192c440d67a5a0449aaee2310a1a1e8eca41676046f99ed2487e9f/wrapt-1.17.3-cp314-cp314-win_amd64.whl", hash = "sha256:e1a4120ae5705f673727d3253de3ed0e016f7cd78dc463db1b31e2463e1f3cf6", size = 39310, upload-time = "2025-08-12T05:53:11.106Z" },
    { url = "https://files.pythonhosted.org/packages/45/20/2cda20fd4865fa40f86f6c46ed37a2a8356a7a2fde0773269311f2af56c7/wrapt-1.17.3-cp314-cp314-win_arm64.whl", hash = "sha256:507553480670cab08a800b9463bdb881b2edeed77dc677b0a5915e6106e91a58", size = 37266, upload-time = "2025-08-12T05:52:56.531Z" },
    { url = "https://files.pythonhosted.org/packages/77/ed/dd5cf21aec36c80443c6f900449260b80e2a65cf963668eaef3b9accce36/wrapt-1.17.3-cp314-cp314t-macosx_10_13_universal2.whl", hash = "sha256:ed7c635ae45cfbc1a7371f708727bf74690daedc49b4dba310590ca0bd28aa8a", size = 56544, upload-time = "2025-08-12T05:51:51.109Z" },
    { url = "https://files.pythonhosted.org/packages/8d/96/450c651cc753877ad100c7949ab4d2e2ecc4d97157e00fa8f45df682456a/wrapt-1.17.3-cp314-cp314t-macosx_10_13_x86_64.whl", hash = "sha256:249f88ed15503f6492a71f01442abddd73856a0032ae860de6d75ca62eed8067", size = 40283, upload-time = "2025-08-12T05:51:39.912Z" },
    { url = "https://files.pythonhosted.org/packages/d1/86/2fcad95994d9b572db57632acb6f900695a648c3e063f2cd344b3f5c5a37/wrapt-1.17.3-cp314-cp314t-macosx_11_0_arm64.whl", hash = "sha256:5a03a38adec8066d5a37bea22f2ba6bbf39fcdefbe2d91419ab864c3fb515454", size = 40366, upload-time = "2025-08-12T05:52:00.693Z" },
    { url = "https://files.pythonhosted.org/packages/64/0e/f4472f2fdde2d4617975144311f8800ef73677a159be7fe61fa50997d6c0/wrapt-1.17.3-cp314-cp314t-manylinux1_x86_64.manylinux_2_28_x86_64.manylinux_2_5_x86_64.whl", hash = "sha256:5d4478d72eb61c36e5b446e375bbc49ed002430d17cdec3cecb36993398e1a9e", size = 108571, upload-time = "2025-08-12T05:52:44.521Z" },
    { url = "https://files.pythonhosted.org/packages/cc/01/9b85a99996b0a97c8a17484684f206cbb6ba73c1ce6890ac668bcf3838fb/wrapt-1.17.3-cp314-cp314t-manylinux2014_aarch64.manylinux_2_17_aarch64.manylinux_2_28_aarch64.whl", hash = "sha256:223db574bb38637e8230eb14b185565023ab624474df94d2af18f1cdb625216f", size = 113094, upload-time = "2025-08-12T05:52:22.618Z" },
    { url = "https://files.pythonhosted.org/packages/25/02/78926c1efddcc7b3aa0bc3d6b33a822f7d898059f7cd9ace8c8318e559ef/wrapt-1.17.3-cp314-cp314t-musllinux_1_2_aarch64.whl", hash = "sha256:e405adefb53a435f01efa7ccdec012c016b5a1d3f35459990afc39b6be4d5056", size = 110659, upload-time = "2025-08-12T05:52:24.057Z" },
    { url = "https://files.pythonhosted.org/packages/dc/ee/c414501ad518ac3e6fe184753632fe5e5ecacdcf0effc23f31c1e4f7bfcf/wrapt-1.17.3-cp314-cp314t-musllinux_1_2_x86_64.whl", hash = "sha256:88547535b787a6c9ce4086917b6e1d291aa8ed914fdd3a838b3539dc95c12804", size = 106946, upload-time = "2025-08-12T05:52:45.976Z" },
    { url = "https://files.pythonhosted.org/packages/be/44/a1bd64b723d13bb151d6cc91b986146a1952385e0392a78567e12149c7b4/wrapt-1.17.3-cp314-cp314t-win32.whl", hash = "sha256:41b1d2bc74c2cac6f9074df52b2efbef2b30bdfe5f40cb78f8ca22963bc62977", size = 38717, upload-time = "2025-08-12T05:53:15.214Z" },
    { url = "https://files.pythonhosted.org/packages/79/d9/7cfd5a312760ac4dd8bf0184a6ee9e43c33e47f3dadc303032ce012b8fa3/wrapt-1.17.3-cp314-cp314t-win_amd64.whl", hash = "sha256:73d496de46cd2cdbdbcce4ae4bcdb4afb6a11234a1df9c085249d55166b95116", size = 41334, upload-time = "2025-08-12T05:53:14.178Z" },
    { url = "https://files.pythonhosted.org/packages/46/78/10ad9781128ed2f99dbc474f43283b13fea8ba58723e98844367531c18e9/wrapt-1.17.3-cp314-cp314t-win_arm64.whl", hash = "sha256:f38e60678850c42461d4202739f9bf1e3a737c7ad283638251e79cc49effb6b6", size = 38471, upload-time = "2025-08-12T05:52:57.784Z" },
    { url = "https://files.pythonhosted.org/packages/1f/f6/a933bd70f98e9cf3e08167fc5cd7aaaca49147e48411c0bd5ae701bb2194/wrapt-1.17.3-py3-none-any.whl", hash = "sha256:7171ae35d2c33d326ac19dd8facb1e82e5fd04ef8c6c0e394d7af55a55051c22", size = 23591, upload-time = "2025-08-12T05:53:20.674Z" },
]

[[package]]
name = "zipp"
version = "3.23.0"
source = { registry = "https://pypi.org/simple" }
sdist = { url = "https://files.pythonhosted.org/packages/e3/02/0f2892c661036d50ede074e376733dca2ae7c6eb617489437771209d4180/zipp-3.23.0.tar.gz", hash = "sha256:a07157588a12518c9d4034df3fbbee09c814741a33ff63c05fa29d26a2404166", size = 25547, upload-time = "2025-06-08T17:06:39.4Z" }
wheels = [
    { url = "https://files.pythonhosted.org/packages/2e/54/647ade08bf0db230bfea292f893923872fd20be6ac6f53b2b936ba839d75/zipp-3.23.0-py3-none-any.whl", hash = "sha256:071652d6115ed432f5ce1d34c336c0adfd6a884660d1e9712a256d3d3bd4b14e", size = 10276, upload-time = "2025-06-08T17:06:38.034Z" },
]
